// !$*UTF8*$!
{
	archiveVersion = 1;
	classes = {
	};
	objectVersion = 46;
	objects = {

/* Begin PBXBuildFile section */
		4A14E9C41D10DB000071C936 /* AppDelegate.swift in Sources */ = {isa = PBXBuildFile; fileRef = 4A14E9C31D10DB000071C936 /* AppDelegate.swift */; };
		4A14E9C61D10DB000071C936 /* ViewController.swift in Sources */ = {isa = PBXBuildFile; fileRef = 4A14E9C51D10DB000071C936 /* ViewController.swift */; };
		4A14E9C91D10DB000071C936 /* Main.storyboard in Resources */ = {isa = PBXBuildFile; fileRef = 4A14E9C71D10DB000071C936 /* Main.storyboard */; };
		4A14E9CB1D10DB000071C936 /* Assets.xcassets in Resources */ = {isa = PBXBuildFile; fileRef = 4A14E9CA1D10DB000071C936 /* Assets.xcassets */; };
		4A14E9CE1D10DB000071C936 /* LaunchScreen.storyboard in Resources */ = {isa = PBXBuildFile; fileRef = 4A14E9CC1D10DB000071C936 /* LaunchScreen.storyboard */; };
		4A14E9D61D10DBE10071C936 /* character.swift in Sources */ = {isa = PBXBuildFile; fileRef = 4A14E9D51D10DBE10071C936 /* character.swift */; };
		4A14E9D81D10EE9A0071C936 /* Brooks.swift in Sources */ = {isa = PBXBuildFile; fileRef = 4A14E9D71D10EE9A0071C936 /* Brooks.swift */; };
		4A14E9DA1D10FAB10071C936 /* KC.swift in Sources */ = {isa = PBXBuildFile; fileRef = 4A14E9D91D10FAB10071C936 /* KC.swift */; };
		4A5ADD661D11AE3E00C11898 /* Vexento - Pixel Party.mp3 in Resources */ = {isa = PBXBuildFile; fileRef = 4A5ADD651D11AE3E00C11898 /* Vexento - Pixel Party.mp3 */; };
		4A5ADD681D11DFBA00C11898 /* Sword1.wav in Resources */ = {isa = PBXBuildFile; fileRef = 4A5ADD671D11DFBA00C11898 /* Sword1.wav */; };
		4A5ADD6A1D11DFC200C11898 /* punch2.wav in Resources */ = {isa = PBXBuildFile; fileRef = 4A5ADD691D11DFC200C11898 /* punch2.wav */; };
/* End PBXBuildFile section */

/* Begin PBXFileReference section */
		4A14E9C01D10DB000071C936 /* oop-exercise.app */ = {isa = PBXFileReference; explicitFileType = wrapper.application; includeInIndex = 0; path = "oop-exercise.app"; sourceTree = BUILT_PRODUCTS_DIR; };
		4A14E9C31D10DB000071C936 /* AppDelegate.swift */ = {isa = PBXFileReference; lastKnownFileType = sourcecode.swift; path = AppDelegate.swift; sourceTree = "<group>"; };
		4A14E9C51D10DB000071C936 /* ViewController.swift */ = {isa = PBXFileReference; lastKnownFileType = sourcecode.swift; path = ViewController.swift; sourceTree = "<group>"; };
		4A14E9C81D10DB000071C936 /* Base */ = {isa = PBXFileReference; lastKnownFileType = file.storyboard; name = Base; path = Base.lproj/Main.storyboard; sourceTree = "<group>"; };
		4A14E9CA1D10DB000071C936 /* Assets.xcassets */ = {isa = PBXFileReference; lastKnownFileType = folder.assetcatalog; path = Assets.xcassets; sourceTree = "<group>"; };
		4A14E9CD1D10DB000071C936 /* Base */ = {isa = PBXFileReference; lastKnownFileType = file.storyboard; name = Base; path = Base.lproj/LaunchScreen.storyboard; sourceTree = "<group>"; };
		4A14E9CF1D10DB010071C936 /* Info.plist */ = {isa = PBXFileReference; lastKnownFileType = text.plist.xml; path = Info.plist; sourceTree = "<group>"; };
		4A14E9D51D10DBE10071C936 /* character.swift */ = {isa = PBXFileReference; fileEncoding = 4; lastKnownFileType = sourcecode.swift; path = character.swift; sourceTree = "<group>"; };
		4A14E9D71D10EE9A0071C936 /* Brooks.swift */ = {isa = PBXFileReference; fileEncoding = 4; lastKnownFileType = sourcecode.swift; path = Brooks.swift; sourceTree = "<group>"; };
		4A14E9D91D10FAB10071C936 /* KC.swift */ = {isa = PBXFileReference; fileEncoding = 4; lastKnownFileType = sourcecode.swift; path = KC.swift; sourceTree = "<group>"; };
		4A5ADD651D11AE3E00C11898 /* Vexento - Pixel Party.mp3 */ = {isa = PBXFileReference; lastKnownFileType = audio.mp3; path = "Vexento - Pixel Party.mp3"; sourceTree = "<group>"; };
		4A5ADD671D11DFBA00C11898 /* Sword1.wav */ = {isa = PBXFileReference; lastKnownFileType = audio.wav; path = Sword1.wav; sourceTree = "<group>"; };
		4A5ADD691D11DFC200C11898 /* punch2.wav */ = {isa = PBXFileReference; lastKnownFileType = audio.wav; path = punch2.wav; sourceTree = "<group>"; };
/* End PBXFileReference section */

/* Begin PBXFrameworksBuildPhase section */
		4A14E9BD1D10DB000071C936 /* Frameworks */ = {
			isa = PBXFrameworksBuildPhase;
			buildActionMask = 2147483647;
			files = (
			);
			runOnlyForDeploymentPostprocessing = 0;
		};
/* End PBXFrameworksBuildPhase section */

/* Begin PBXGroup section */
		4A14E9B71D10DB000071C936 = {
			isa = PBXGroup;
			children = (
				4A14E9C21D10DB000071C936 /* oop-exercise */,
				4A14E9C11D10DB000071C936 /* Products */,
			);
			sourceTree = "<group>";
		};
		4A14E9C11D10DB000071C936 /* Products */ = {
			isa = PBXGroup;
			children = (
				4A14E9C01D10DB000071C936 /* oop-exercise.app */,
			);
			name = Products;
			sourceTree = "<group>";
		};
		4A14E9C21D10DB000071C936 /* oop-exercise */ = {
			isa = PBXGroup;
			children = (
				4A14E9C31D10DB000071C936 /* AppDelegate.swift */,
				4A14E9C51D10DB000071C936 /* ViewController.swift */,
				4A14E9C71D10DB000071C936 /* Main.storyboard */,
				4A14E9CA1D10DB000071C936 /* Assets.xcassets */,
				4A14E9CC1D10DB000071C936 /* LaunchScreen.storyboard */,
				4A14E9CF1D10DB010071C936 /* Info.plist */,
				4A14E9D51D10DBE10071C936 /* character.swift */,
				4A14E9D71D10EE9A0071C936 /* Brooks.swift */,
				4A14E9D91D10FAB10071C936 /* KC.swift */,
				4A5ADD651D11AE3E00C11898 /* Vexento - Pixel Party.mp3 */,
				4A5ADD671D11DFBA00C11898 /* Sword1.wav */,
				4A5ADD691D11DFC200C11898 /* punch2.wav */,
			);
			path = "oop-exercise";
			sourceTree = "<group>";
		};
/* End PBXGroup section */

/* Begin PBXNativeTarget section */
		4A14E9BF1D10DB000071C936 /* oop-exercise */ = {
			isa = PBXNativeTarget;
			buildConfigurationList = 4A14E9D21D10DB010071C936 /* Build configuration list for PBXNativeTarget "oop-exercise" */;
			buildPhases = (
				4A14E9BC1D10DB000071C936 /* Sources */,
				4A14E9BD1D10DB000071C936 /* Frameworks */,
				4A14E9BE1D10DB000071C936 /* Resources */,
			);
			buildRules = (
			);
			dependencies = (
			);
			name = "oop-exercise";
			productName = "oop-exercise";
			productReference = 4A14E9C01D10DB000071C936 /* oop-exercise.app */;
			productType = "com.apple.product-type.application";
		};
/* End PBXNativeTarget section */

/* Begin PBXProject section */
		4A14E9B81D10DB000071C936 /* Project object */ = {
			isa = PBXProject;
			attributes = {
				LastSwiftUpdateCheck = 0730;
				LastUpgradeCheck = 0730;
				ORGANIZATIONNAME = coprograming.com;
				TargetAttributes = {
					4A14E9BF1D10DB000071C936 = {
						CreatedOnToolsVersion = 7.3.1;
						DevelopmentTeam = JKSR5823SA;
					};
				};
			};
			buildConfigurationList = 4A14E9BB1D10DB000071C936 /* Build configuration list for PBXProject "oop-exercise" */;
			compatibilityVersion = "Xcode 3.2";
			developmentRegion = English;
			hasScannedForEncodings = 0;
			knownRegions = (
				en,
				Base,
			);
			mainGroup = 4A14E9B71D10DB000071C936;
			productRefGroup = 4A14E9C11D10DB000071C936 /* Products */;
			projectDirPath = "";
			projectRoot = "";
			targets = (
				4A14E9BF1D10DB000071C936 /* oop-exercise */,
			);
		};
/* End PBXProject section */

/* Begin PBXResourcesBuildPhase section */
		4A14E9BE1D10DB000071C936 /* Resources */ = {
			isa = PBXResourcesBuildPhase;
			buildActionMask = 2147483647;
			files = (
				4A5ADD6A1D11DFC200C11898 /* punch2.wav in Resources */,
				4A14E9CE1D10DB000071C936 /* LaunchScreen.storyboard in Resources */,
				4A14E9CB1D10DB000071C936 /* Assets.xcassets in Resources */,
				4A14E9C91D10DB000071C936 /* Main.storyboard in Resources */,
				4A5ADD681D11DFBA00C11898 /* Sword1.wav in Resources */,
				4A5ADD661D11AE3E00C11898 /* Vexento - Pixel Party.mp3 in Resources */,
			);
			runOnlyForDeploymentPostprocessing = 0;
		};
/* End PBXResourcesBuildPhase section */

/* Begin PBXSourcesBuildPhase section */
		4A14E9BC1D10DB000071C936 /* Sources */ = {
			isa = PBXSourcesBuildPhase;
			buildActionMask = 2147483647;
			files = (
				4A14E9D61D10DBE10071C936 /* character.swift in Sources */,
				4A14E9C61D10DB000071C936 /* ViewController.swift in Sources */,
				4A14E9C41D10DB000071C936 /* AppDelegate.swift in Sources */,
				4A14E9DA1D10FAB10071C936 /* KC.swift in Sources */,
				4A14E9D81D10EE9A0071C936 /* Brooks.swift in Sources */,
			);
			runOnlyForDeploymentPostprocessing = 0;
		};
/* End PBXSourcesBuildPhase section */

/* Begin PBXVariantGroup section */
		4A14E9C71D10DB000071C936 /* Main.storyboard */ = {
			isa = PBXVariantGroup;
			children = (
				4A14E9C81D10DB000071C936 /* Base */,
			);
			name = Main.storyboard;
			sourceTree = "<group>";
		};
		4A14E9CC1D10DB000071C936 /* LaunchScreen.storyboard */ = {
			isa = PBXVariantGroup;
			children = (
				4A14E9CD1D10DB000071C936 /* Base */,
			);
			name = LaunchScreen.storyboard;
			sourceTree = "<group>";
		};
/* End PBXVariantGroup section */

/* Begin XCBuildConfiguration section */
		4A14E9D01D10DB010071C936 /* Debug */ = {
			isa = XCBuildConfiguration;
			buildSettings = {
				ALWAYS_SEARCH_USER_PATHS = NO;
				CLANG_ANALYZER_NONNULL = YES;
				CLANG_CXX_LANGUAGE_STANDARD = "gnu++0x";
				CLANG_CXX_LIBRARY = "libc++";
				CLANG_ENABLE_MODULES = YES;
				CLANG_ENABLE_OBJC_ARC = YES;
				CLANG_WARN_BOOL_CONVERSION = YES;
				CLANG_WARN_CONSTANT_CONVERSION = YES;
				CLANG_WARN_DIRECT_OBJC_ISA_USAGE = YES_ERROR;
				CLANG_WARN_EMPTY_BODY = YES;
				CLANG_WARN_ENUM_CONVERSION = YES;
				CLANG_WARN_INT_CONVERSION = YES;
				CLANG_WARN_OBJC_ROOT_CLASS = YES_ERROR;
				CLANG_WARN_UNREACHABLE_CODE = YES;
				CLANG_WARN__DUPLICATE_METHOD_MATCH = YES;
				"CODE_SIGN_IDENTITY[sdk=iphoneos*]" = "iPhone Developer";
				COPY_PHASE_STRIP = NO;
				DEBUG_INFORMATION_FORMAT = dwarf;
				ENABLE_STRICT_OBJC_MSGSEND = YES;
				ENABLE_TESTABILITY = YES;
				GCC_C_LANGUAGE_STANDARD = gnu99;
				GCC_DYNAMIC_NO_PIC = NO;
				GCC_NO_COMMON_BLOCKS = YES;
				GCC_OPTIMIZATION_LEVEL = 0;
				GCC_PREPROCESSOR_DEFINITIONS = (
					"DEBUG=1",
					"$(inherited)",
				);
				GCC_WARN_64_TO_32_BIT_CONVERSION = YES;
				GCC_WARN_ABOUT_RETURN_TYPE = YES_ERROR;
				GCC_WARN_UNDECLARED_SELECTOR = YES;
				GCC_WARN_UNINITIALIZED_AUTOS = YES_AGGRESSIVE;
				GCC_WARN_UNUSED_FUNCTION = YES;
				GCC_WARN_UNUSED_VARIABLE = YES;
				IPHONEOS_DEPLOYMENT_TARGET = 9.3;
				MTL_ENABLE_DEBUG_INFO = YES;
				ONLY_ACTIVE_ARCH = YES;
				SDKROOT = iphoneos;
				SWIFT_OPTIMIZATION_LEVEL = "-Onone";
				TARGETED_DEVICE_FAMILY = "1,2";
			};
			name = Debug;
		};
		4A14E9D11D10DB010071C936 /* Release */ = {
			isa = XCBuildConfiguration;
			buildSettings = {
				ALWAYS_SEARCH_USER_PATHS = NO;
				CLANG_ANALYZER_NONNULL = YES;
				CLANG_CXX_LANGUAGE_STANDARD = "gnu++0x";
				CLANG_CXX_LIBRARY = "libc++";
				CLANG_ENABLE_MODULES = YES;
				CLANG_ENABLE_OBJC_ARC = YES;
				CLANG_WARN_BOOL_CONVERSION = YES;
				CLANG_WARN_CONSTANT_CONVERSION = YES;
				CLANG_WARN_DIRECT_OBJC_ISA_USAGE = YES_ERROR;
				CLANG_WARN_EMPTY_BODY = YES;
				CLANG_WARN_ENUM_CONVERSION = YES;
				CLANG_WARN_INT_CONVERSION = YES;
				CLANG_WARN_OBJC_ROOT_CLASS = YES_ERROR;
				CLANG_WARN_UNREACHABLE_CODE = YES;
				CLANG_WARN__DUPLICATE_METHOD_MATCH = YES;
				"CODE_SIGN_IDENTITY[sdk=iphoneos*]" = "iPhone Developer";
				COPY_PHASE_STRIP = NO;
				DEBUG_INFORMATION_FORMAT = "dwarf-with-dsym";
				ENABLE_NS_ASSERTIONS = NO;
				ENABLE_STRICT_OBJC_MSGSEND = YES;
				GCC_C_LANGUAGE_STANDARD = gnu99;
				GCC_NO_COMMON_BLOCKS = YES;
				GCC_WARN_64_TO_32_BIT_CONVERSION = YES;
				GCC_WARN_ABOUT_RETURN_TYPE = YES_ERROR;
				GCC_WARN_UNDECLARED_SELECTOR = YES;
				GCC_WARN_UNINITIALIZED_AUTOS = YES_AGGRESSIVE;
				GCC_WARN_UNUSED_FUNCTION = YES;
				GCC_WARN_UNUSED_VARIABLE = YES;
				IPHONEOS_DEPLOYMENT_TARGET = 9.3;
				MTL_ENABLE_DEBUG_INFO = NO;
				SDKROOT = iphoneos;
				TARGETED_DEVICE_FAMILY = "1,2";
				VALIDATE_PRODUCT = YES;
			};
			name = Release;
		};
		4A14E9D31D10DB010071C936 /* Debug */ = {
			isa = XCBuildConfiguration;
			buildSettings = {
				ASSETCATALOG_COMPILER_APPICON_NAME = AppIcon;
				CODE_SIGN_IDENTITY = "iPhone Developer";
				"CODE_SIGN_IDENTITY[sdk=iphoneos*]" = "iPhone Developer";
				INFOPLIST_FILE = "oop-exercise/Info.plist";
				LD_RUNPATH_SEARCH_PATHS = "$(inherited) @executable_path/Frameworks";
				PRODUCT_BUNDLE_IDENTIFIER = "com.coprograming.com.oop-exercise";
				PRODUCT_NAME = "$(TARGET_NAME)";
				PROVISIONING_PROFILE = "";
			};
			name = Debug;
		};
		4A14E9D41D10DB010071C936 /* Release */ = {
			isa = XCBuildConfiguration;
			buildSettings = {
				ASSETCATALOG_COMPILER_APPICON_NAME = AppIcon;
				CODE_SIGN_IDENTITY = "iPhone Developer";
				"CODE_SIGN_IDENTITY[sdk=iphoneos*]" = "iPhone Developer";
				INFOPLIST_FILE = "oop-exercise/Info.plist";
				LD_RUNPATH_SEARCH_PATHS = "$(inherited) @executable_path/Frameworks";
				PRODUCT_BUNDLE_IDENTIFIER = "com.coprograming.com.oop-exercise";
				PRODUCT_NAME = "$(TARGET_NAME)";
				PROVISIONING_PROFILE = "";
			};
			name = Release;
		};
/* End XCBuildConfiguration section */

/* Begin XCConfigurationList section */
		4A14E9BB1D10DB000071C936 /* Build configuration list for PBXProject "oop-exercise" */ = {
			isa = XCConfigurationList;
			buildConfigurations = (
				4A14E9D01D10DB010071C936 /* Debug */,
				4A14E9D11D10DB010071C936 /* Release */,
			);
			defaultConfigurationIsVisible = 0;
			defaultConfigurationName = Release;
		};
		4A14E9D21D10DB010071C936 /* Build configuration list for PBXNativeTarget "oop-exercise" */ = {
			isa = XCConfigurationList;
			buildConfigurations = (
				4A14E9D31D10DB010071C936 /* Debug */,
				4A14E9D41D10DB010071C936 /* Release */,
			);
			defaultConfigurationIsVisible = 0;
			defaultConfigurationName = Release;
		};
/* End XCConfigurationList section */
	};
	rootObject = 4A14E9B81D10DB000071C936 /* Project object */;
}
